
Microsoft Visual Studio Solution File, Format Version 12.00
# Visual Studio Version 17
VisualStudioVersion = 17.0.31903.59
MinimumVisualStudioVersion = 10.0.40219.1
Project("{2150E333-8FDC-42A3-9474-1A3956D46DE8}") = "src", "src", "{827E0CD3-B72D-47B6-A68D-7590B98EB39B}"
EndProject
Project("{FAE04EC0-301F-11D3-BF4B-00C04F79EFBC}") = "SsisAiRuntime.Core", "src\SsisAiRuntime.Core\SsisAiRuntime.Core.csproj", "{32942275-0BAD-4062-9213-CF4B029738B4}"
EndProject
Project("{FAE04EC0-301F-11D3-BF4B-00C04F79EFBC}") = "SsisAiRuntime.Ssis16", "src\SsisAiRuntime.Ssis16\SsisAiRuntime.Ssis16.csproj", "{23C4FDCF-47BE-47EB-A41B-72811FEE1CD4}"
EndProject
Project("{FAE04EC0-301F-11D3-BF4B-00C04F79EFBC}") = "SsisAiRuntime.Inspectors", "src\SsisAiRuntime.Inspectors\SsisAiRuntime.Inspectors.csproj", "{B10B1B4D-7BFC-47D2-9F32-6D847A8B5C13}"
EndProject
Project("{2150E333-8FDC-42A3-9474-1A3956D46DE8}") = "tests", "tests", "{0AB3BF05-4346-4AA6-1389-037BE0695223}"
EndProject
Project("{FAE04EC0-301F-11D3-BF4B-00C04F79EFBC}") = "SsisAiRuntime.Tests", "tests\SsisAiRuntime.Tests\SsisAiRuntime.Tests.csproj", "{91E72345-39E0-4CF2-931F-8645CD2DC896}"
EndProject
Project("{FAE04EC0-301F-11D3-BF4B-00C04F79EFBC}") = "SsisAiRuntime.Cli", "src\SsisAiRuntime.Cli\SsisAiRuntime.Cli.csproj", "{EADA7E2A-74B4-49B1-B6CA-59D77524B8DF}"
EndProject
Global
	GlobalSection(SolutionConfigurationPlatforms) = preSolution
		Debug|Any CPU = Debug|Any CPU
		Debug|x64 = Debug|x64
		Debug|x86 = Debug|x86
		Release|Any CPU = Release|Any CPU
		Release|x64 = Release|x64
		Release|x86 = Release|x86
	EndGlobalSection
	GlobalSection(ProjectConfigurationPlatforms) = postSolution
		{32942275-0BAD-4062-9213-CF4B029738B4}.Debug|Any CPU.ActiveCfg = Debug|Any CPU
		{32942275-0BAD-4062-9213-CF4B029738B4}.Debug|Any CPU.Build.0 = Debug|Any CPU
		{32942275-0BAD-4062-9213-CF4B029738B4}.Debug|x64.ActiveCfg = Debug|Any CPU
		{32942275-0BAD-4062-9213-CF4B029738B4}.Debug|x64.Build.0 = Debug|Any CPU
		{32942275-0BAD-4062-9213-CF4B029738B4}.Debug|x86.ActiveCfg = Debug|Any CPU
		{32942275-0BAD-4062-9213-CF4B029738B4}.Debug|x86.Build.0 = Debug|Any CPU
		{32942275-0BAD-4062-9213-CF4B029738B4}.Release|Any CPU.ActiveCfg = Release|Any CPU
		{32942275-0BAD-4062-9213-CF4B029738B4}.Release|Any CPU.Build.0 = Release|Any CPU
		{32942275-0BAD-4062-9213-CF4B029738B4}.Release|x64.ActiveCfg = Release|Any CPU
		{32942275-0BAD-4062-9213-CF4B029738B4}.Release|x64.Build.0 = Release|Any CPU
		{32942275-0BAD-4062-9213-CF4B029738B4}.Release|x86.ActiveCfg = Release|Any CPU
		{32942275-0BAD-4062-9213-CF4B029738B4}.Release|x86.Build.0 = Release|Any CPU
		{23C4FDCF-47BE-47EB-A41B-72811FEE1CD4}.Debug|Any CPU.ActiveCfg = Debug|Any CPU
		{23C4FDCF-47BE-47EB-A41B-72811FEE1CD4}.Debug|Any CPU.Build.0 = Debug|Any CPU
		{23C4FDCF-47BE-47EB-A41B-72811FEE1CD4}.Debug|x64.ActiveCfg = Debug|Any CPU
		{23C4FDCF-47BE-47EB-A41B-72811FEE1CD4}.Debug|x64.Build.0 = Debug|Any CPU
		{23C4FDCF-47BE-47EB-A41B-72811FEE1CD4}.Debug|x86.ActiveCfg = Debug|Any CPU
		{23C4FDCF-47BE-47EB-A41B-72811FEE1CD4}.Debug|x86.Build.0 = Debug|Any CPU
		{23C4FDCF-47BE-47EB-A41B-72811FEE1CD4}.Release|Any CPU.ActiveCfg = Release|Any CPU
		{23C4FDCF-47BE-47EB-A41B-72811FEE1CD4}.Release|Any CPU.Build.0 = Release|Any CPU
		{23C4FDCF-47BE-47EB-A41B-72811FEE1CD4}.Release|x64.ActiveCfg = Release|Any CPU
		{23C4FDCF-47BE-47EB-A41B-72811FEE1CD4}.Release|x64.Build.0 = Release|Any CPU
		{23C4FDCF-47BE-47EB-A41B-72811FEE1CD4}.Release|x86.ActiveCfg = Release|Any CPU
		{23C4FDCF-47BE-47EB-A41B-72811FEE1CD4}.Release|x86.Build.0 = Release|Any CPU
		{B10B1B4D-7BFC-47D2-9F32-6D847A8B5C13}.Debug|Any CPU.ActiveCfg = Debug|Any CPU
		{B10B1B4D-7BFC-47D2-9F32-6D847A8B5C13}.Debug|Any CPU.Build.0 = Debug|Any CPU
		{B10B1B4D-7BFC-47D2-9F32-6D847A8B5C13}.Debug|x64.ActiveCfg = Debug|Any CPU
		{B10B1B4D-7BFC-47D2-9F32-6D847A8B5C13}.Debug|x64.Build.0 = Debug|Any CPU
		{B10B1B4D-7BFC-47D2-9F32-6D847A8B5C13}.Debug|x86.ActiveCfg = Debug|Any CPU
		{B10B1B4D-7BFC-47D2-9F32-6D847A8B5C13}.Debug|x86.Build.0 = Debug|Any CPU
		{B10B1B4D-7BFC-47D2-9F32-6D847A8B5C13}.Release|Any CPU.ActiveCfg = Release|Any CPU
		{B10B1B4D-7BFC-47D2-9F32-6D847A8B5C13}.Release|Any CPU.Build.0 = Release|Any CPU
		{B10B1B4D-7BFC-47D2-9F32-6D847A8B5C13}.Release|x64.ActiveCfg = Release|Any CPU
		{B10B1B4D-7BFC-47D2-9F32-6D847A8B5C13}.Release|x64.Build.0 = Release|Any CPU
		{B10B1B4D-7BFC-47D2-9F32-6D847A8B5C13}.Release|x86.ActiveCfg = Release|Any CPU
		{B10B1B4D-7BFC-47D2-9F32-6D847A8B5C13}.Release|x86.Build.0 = Release|Any CPU
		{91E72345-39E0-4CF2-931F-8645CD2DC896}.Debug|Any CPU.ActiveCfg = Debug|Any CPU
		{91E72345-39E0-4CF2-931F-8645CD2DC896}.Debug|Any CPU.Build.0 = Debug|Any CPU
		{91E72345-39E0-4CF2-931F-8645CD2DC896}.Debug|x64.ActiveCfg = Debug|Any CPU
		{91E72345-39E0-4CF2-931F-8645CD2DC896}.Debug|x64.Build.0 = Debug|Any CPU
		{91E72345-39E0-4CF2-931F-8645CD2DC896}.Debug|x86.ActiveCfg = Debug|Any CPU
		{91E72345-39E0-4CF2-931F-8645CD2DC896}.Debug|x86.Build.0 = Debug|Any CPU
		{91E72345-39E0-4CF2-931F-8645CD2DC896}.Release|Any CPU.ActiveCfg = Release|Any CPU
		{91E72345-39E0-4CF2-931F-8645CD2DC896}.Release|Any CPU.Build.0 = Release|Any CPU
		{91E72345-39E0-4CF2-931F-8645CD2DC896}.Release|x64.ActiveCfg = Release|Any CPU
		{91E72345-39E0-4CF2-931F-8645CD2DC896}.Release|x64.Build.0 = Release|Any CPU
		{91E72345-39E0-4CF2-931F-8645CD2DC896}.Release|x86.ActiveCfg = Release|Any CPU
		{91E72345-39E0-4CF2-931F-8645CD2DC896}.Release|x86.Build.0 = Release|Any CPU
		{EADA7E2A-74B4-49B1-B6CA-59D77524B8DF}.Debug|Any CPU.ActiveCfg = Debug|Any CPU
		{EADA7E2A-74B4-49B1-B6CA-59D77524B8DF}.Debug|Any CPU.Build.0 = Debug|Any CPU
		{EADA7E2A-74B4-49B1-B6CA-59D77524B8DF}.Debug|x64.ActiveCfg = Debug|Any CPU
		{EADA7E2A-74B4-49B1-B6CA-59D77524B8DF}.Debug|x64.Build.0 = Debug|Any CPU
		{EADA7E2A-74B4-49B1-B6CA-59D77524B8DF}.Debug|x86.ActiveCfg = Debug|Any CPU
		{EADA7E2A-74B4-49B1-B6CA-59D77524B8DF}.Debug|x86.Build.0 = Debug|Any CPU
		{EADA7E2A-74B4-49B1-B6CA-59D77524B8DF}.Release|Any CPU.ActiveCfg = Release|Any CPU
		{EADA7E2A-74B4-49B1-B6CA-59D77524B8DF}.Release|Any CPU.Build.0 = Release|Any CPU
		{EADA7E2A-74B4-49B1-B6CA-59D77524B8DF}.Release|x64.ActiveCfg = Release|Any CPU
		{EADA7E2A-74B4-49B1-B6CA-59D77524B8DF}.Release|x64.Build.0 = Release|Any CPU
		{EADA7E2A-74B4-49B1-B6CA-59D77524B8DF}.Release|x86.ActiveCfg = Release|Any CPU
		{EADA7E2A-74B4-49B1-B6CA-59D77524B8DF}.Release|x86.Build.0 = Release|Any CPU
	EndGlobalSection
	GlobalSection(SolutionProperties) = preSolution
		HideSolutionNode = FALSE
	EndGlobalSection
	GlobalSection(NestedProjects) = preSolution
		{32942275-0BAD-4062-9213-CF4B029738B4} = {827E0CD3-B72D-47B6-A68D-7590B98EB39B}
		{23C4FDCF-47BE-47EB-A41B-72811FEE1CD4} = {827E0CD3-B72D-47B6-A68D-7590B98EB39B}
		{B10B1B4D-7BFC-47D2-9F32-6D847A8B5C13} = {827E0CD3-B72D-47B6-A68D-7590B98EB39B}
		{91E72345-39E0-4CF2-931F-8645CD2DC896} = {0AB3BF05-4346-4AA6-1389-037BE0695223}
		{EADA7E2A-74B4-49B1-B6CA-59D77524B8DF} = {827E0CD3-B72D-47B6-A68D-7590B98EB39B}
	EndGlobalSection
EndGlobal
